// !$*UTF8*$!
{
	archiveVersion = 1;
	classes = {
	};
	objectVersion = 50;
	objects = {

/* Begin PBXBuildFile section */
		FF8527CB21657FF100DEEA15 /* AppDelegate.swift in Sources */ = {isa = PBXBuildFile; fileRef = FF8527CA21657FF100DEEA15 /* AppDelegate.swift */; };
		FF8527CD21657FF100DEEA15 /* ViewController.swift in Sources */ = {isa = PBXBuildFile; fileRef = FF8527CC21657FF100DEEA15 /* ViewController.swift */; };
		FF8527D221657FF400DEEA15 /* Assets.xcassets in Resources */ = {isa = PBXBuildFile; fileRef = FF8527D121657FF400DEEA15 /* Assets.xcassets */; };
		FF8527D521657FF400DEEA15 /* LaunchScreen.storyboard in Resources */ = {isa = PBXBuildFile; fileRef = FF8527D321657FF400DEEA15 /* LaunchScreen.storyboard */; };
		FF8527DD21658E5000DEEA15 /* Models.swift in Sources */ = {isa = PBXBuildFile; fileRef = FF8527DC21658E5000DEEA15 /* Models.swift */; };
		FF8527DF216598D300DEEA15 /* BookCell.swift in Sources */ = {isa = PBXBuildFile; fileRef = FF8527DE216598D300DEEA15 /* BookCell.swift */; };
		FF8527E12166A26700DEEA15 /* BookPageController.swift in Sources */ = {isa = PBXBuildFile; fileRef = FF8527E02166A26700DEEA15 /* BookPageController.swift */; };
		FF8527E32166AC9500DEEA15 /* PageCell.swift in Sources */ = {isa = PBXBuildFile; fileRef = FF8527E22166AC9400DEEA15 /* PageCell.swift */; };
/* End PBXBuildFile section */

/* Begin PBXFileReference section */
		FF8527C721657FF100DEEA15 /* Kindle.app */ = {isa = PBXFileReference; explicitFileType = wrapper.application; includeInIndex = 0; path = Kindle.app; sourceTree = BUILT_PRODUCTS_DIR; };
		FF8527CA21657FF100DEEA15 /* AppDelegate.swift */ = {isa = PBXFileReference; lastKnownFileType = sourcecode.swift; path = AppDelegate.swift; sourceTree = "<group>"; };
		FF8527CC21657FF100DEEA15 /* ViewController.swift */ = {isa = PBXFileReference; lastKnownFileType = sourcecode.swift; path = ViewController.swift; sourceTree = "<group>"; };
		FF8527D121657FF400DEEA15 /* Assets.xcassets */ = {isa = PBXFileReference; lastKnownFileType = folder.assetcatalog; path = Assets.xcassets; sourceTree = "<group>"; };
		FF8527D421657FF400DEEA15 /* Base */ = {isa = PBXFileReference; lastKnownFileType = file.storyboard; name = Base; path = Base.lproj/LaunchScreen.storyboard; sourceTree = "<group>"; };
		FF8527D621657FF400DEEA15 /* Info.plist */ = {isa = PBXFileReference; lastKnownFileType = text.plist.xml; path = Info.plist; sourceTree = "<group>"; };
		FF8527DC21658E5000DEEA15 /* Models.swift */ = {isa = PBXFileReference; lastKnownFileType = sourcecode.swift; path = Models.swift; sourceTree = "<group>"; };
		FF8527DE216598D300DEEA15 /* BookCell.swift */ = {isa = PBXFileReference; lastKnownFileType = sourcecode.swift; path = BookCell.swift; sourceTree = "<group>"; };
		FF8527E02166A26700DEEA15 /* BookPageController.swift */ = {isa = PBXFileReference; lastKnownFileType = sourcecode.swift; path = BookPageController.swift; sourceTree = "<group>"; };
		FF8527E22166AC9400DEEA15 /* PageCell.swift */ = {isa = PBXFileReference; lastKnownFileType = sourcecode.swift; path = PageCell.swift; sourceTree = "<group>"; };
/* End PBXFileReference section */

/* Begin PBXFrameworksBuildPhase section */
		FF8527C421657FF100DEEA15 /* Frameworks */ = {
			isa = PBXFrameworksBuildPhase;
			buildActionMask = 2147483647;
			files = (
			);
			runOnlyForDeploymentPostprocessing = 0;
		};
/* End PBXFrameworksBuildPhase section */

/* Begin PBXGroup section */
		FF8527BE21657FF100DEEA15 = {
			isa = PBXGroup;
			children = (
				FF8527C921657FF100DEEA15 /* Kindle */,
				FF8527C821657FF100DEEA15 /* Products */,
			);
			sourceTree = "<group>";
		};
		FF8527C821657FF100DEEA15 /* Products */ = {
			isa = PBXGroup;
			children = (
				FF8527C721657FF100DEEA15 /* Kindle.app */,
			);
			name = Products;
			sourceTree = "<group>";
		};
		FF8527C921657FF100DEEA15 /* Kindle */ = {
			isa = PBXGroup;
			children = (
				FF8527CA21657FF100DEEA15 /* AppDelegate.swift */,
				FF8527CC21657FF100DEEA15 /* ViewController.swift */,
				FF8527D121657FF400DEEA15 /* Assets.xcassets */,
				FF8527D321657FF400DEEA15 /* LaunchScreen.storyboard */,
				FF8527D621657FF400DEEA15 /* Info.plist */,
				FF8527DC21658E5000DEEA15 /* Models.swift */,
				FF8527DE216598D300DEEA15 /* BookCell.swift */,
				FF8527E02166A26700DEEA15 /* BookPageController.swift */,
				FF8527E22166AC9400DEEA15 /* PageCell.swift */,
			);
			path = Kindle;
			sourceTree = "<group>";
		};
/* End PBXGroup section */

/* Begin PBXNativeTarget section */
		FF8527C621657FF100DEEA15 /* Kindle */ = {
			isa = PBXNativeTarget;
			buildConfigurationList = FF8527D921657FF400DEEA15 /* Build configuration list for PBXNativeTarget "Kindle" */;
			buildPhases = (
				FF8527C321657FF100DEEA15 /* Sources */,
				FF8527C421657FF100DEEA15 /* Frameworks */,
				FF8527C521657FF100DEEA15 /* Resources */,
			);
			buildRules = (
			);
			dependencies = (
			);
			name = Kindle;
			productName = KindleClone;
			productReference = FF8527C721657FF100DEEA15 /* Kindle.app */;
			productType = "com.apple.product-type.application";
		};
/* End PBXNativeTarget section */

/* Begin PBXProject section */
		FF8527BF21657FF100DEEA15 /* Project object */ = {
			isa = PBXProject;
			attributes = {
				LastSwiftUpdateCheck = 1000;
				LastUpgradeCheck = 1000;
				ORGANIZATIONNAME = "Tien-Enterprise";
				TargetAttributes = {
					FF8527C621657FF100DEEA15 = {
						CreatedOnToolsVersion = 10.0;
					};
				};
			};
			buildConfigurationList = FF8527C221657FF100DEEA15 /* Build configuration list for PBXProject "Kindle" */;
			compatibilityVersion = "Xcode 9.3";
			developmentRegion = en;
			hasScannedForEncodings = 0;
			knownRegions = (
				en,
				Base,
			);
			mainGroup = FF8527BE21657FF100DEEA15;
			productRefGroup = FF8527C821657FF100DEEA15 /* Products */;
			projectDirPath = "";
			projectRoot = "";
			targets = (
				FF8527C621657FF100DEEA15 /* Kindle */,
			);
		};
/* End PBXProject section */

/* Begin PBXResourcesBuildPhase section */
		FF8527C521657FF100DEEA15 /* Resources */ = {
			isa = PBXResourcesBuildPhase;
			buildActionMask = 2147483647;
			files = (
				FF8527D521657FF400DEEA15 /* LaunchScreen.storyboard in Resources */,
				FF8527D221657FF400DEEA15 /* Assets.xcassets in Resources */,
			);
			runOnlyForDeploymentPostprocessing = 0;
		};
/* End PBXResourcesBuildPhase section */

/* Begin PBXSourcesBuildPhase section */
		FF8527C321657FF100DEEA15 /* Sources */ = {
			isa = PBXSourcesBuildPhase;
			buildActionMask = 2147483647;
			files = (
				FF8527DF216598D300DEEA15 /* BookCell.swift in Sources */,
				FF8527DD21658E5000DEEA15 /* Models.swift in Sources */,
				FF8527E32166AC9500DEEA15 /* PageCell.swift in Sources */,
				FF8527CD21657FF100DEEA15 /* ViewController.swift in Sources */,
				FF8527E12166A26700DEEA15 /* BookPageController.swift in Sources */,
				FF8527CB21657FF100DEEA15 /* AppDelegate.swift in Sources */,
			);
			runOnlyForDeploymentPostprocessing = 0;
		};
/* End PBXSourcesBuildPhase section */

/* Begin PBXVariantGroup section */
		FF8527D321657FF400DEEA15 /* LaunchScreen.storyboard */ = {
			isa = PBXVariantGroup;
			children = (
				FF8527D421657FF400DEEA15 /* Base */,
			);
			name = LaunchScreen.storyboard;
			sourceTree = "<group>";
		};
/* End PBXVariantGroup section */

/* Begin XCBuildConfiguration section */
		FF8527D721657FF400DEEA15 /* Debug */ = {
			isa = XCBuildConfiguration;
			buildSettings = {
				ALWAYS_SEARCH_USER_PATHS = NO;
				CLANG_ANALYZER_NONNULL = YES;
				CLANG_ANALYZER_NUMBER_OBJECT_CONVERSION = YES_AGGRESSIVE;
				CLANG_CXX_LANGUAGE_STANDARD = "gnu++14";
				CLANG_CXX_LIBRARY = "libc++";
				CLANG_ENABLE_MODULES = YES;
				CLANG_ENABLE_OBJC_ARC = YES;
				CLANG_ENABLE_OBJC_WEAK = YES;
				CLANG_WARN_BLOCK_CAPTURE_AUTORELEASING = YES;
				CLANG_WARN_BOOL_CONVERSION = YES;
				CLANG_WARN_COMMA = YES;
				CLANG_WARN_CONSTANT_CONVERSION = YES;
				CLANG_WARN_DEPRECATED_OBJC_IMPLEMENTATIONS = YES;
				CLANG_WARN_DIRECT_OBJC_ISA_USAGE = YES_ERROR;
				CLANG_WARN_DOCUMENTATION_COMMENTS = YES;
				CLANG_WARN_EMPTY_BODY = YES;
				CLANG_WARN_ENUM_CONVERSION = YES;
				CLANG_WARN_INFINITE_RECURSION = YES;
				CLANG_WARN_INT_CONVERSION = YES;
				CLANG_WARN_NON_LITERAL_NULL_CONVERSION = YES;
				CLANG_WARN_OBJC_IMPLICIT_RETAIN_SELF = YES;
				CLANG_WARN_OBJC_LITERAL_CONVERSION = YES;
				CLANG_WARN_OBJC_ROOT_CLASS = YES_ERROR;
				CLANG_WARN_RANGE_LOOP_ANALYSIS = YES;
				CLANG_WARN_STRICT_PROTOTYPES = YES;
				CLANG_WARN_SUSPICIOUS_MOVE = YES;
				CLANG_WARN_UNGUARDED_AVAILABILITY = YES_AGGRESSIVE;
				CLANG_WARN_UNREACHABLE_CODE = YES;
				CLANG_WARN__DUPLICATE_METHOD_MATCH = YES;
				CODE_SIGN_IDENTITY = "iPhone Developer";
				COPY_PHASE_STRIP = NO;
				DEBUG_INFORMATION_FORMAT = dwarf;
				ENABLE_STRICT_OBJC_MSGSEND = YES;
				ENABLE_TESTABILITY = YES;
				GCC_C_LANGUAGE_STANDARD = gnu11;
				GCC_DYNAMIC_NO_PIC = NO;
				GCC_NO_COMMON_BLOCKS = YES;
				GCC_OPTIMIZATION_LEVEL = 0;
				GCC_PREPROCESSOR_DEFINITIONS = (
					"DEBUG=1",
					"$(inherited)",
				);
				GCC_WARN_64_TO_32_BIT_CONVERSION = YES;
				GCC_WARN_ABOUT_RETURN_TYPE = YES_ERROR;
				GCC_WARN_UNDECLARED_SELECTOR = YES;
				GCC_WARN_UNINITIALIZED_AUTOS = YES_AGGRESSIVE;
				GCC_WARN_UNUSED_FUNCTION = YES;
				GCC_WARN_UNUSED_VARIABLE = YES;
				IPHONEOS_DEPLOYMENT_TARGET = 12.0;
				MTL_ENABLE_DEBUG_INFO = INCLUDE_SOURCE;
				MTL_FAST_MATH = YES;
				ONLY_ACTIVE_ARCH = YES;
				SDKROOT = iphoneos;
				SWIFT_ACTIVE_COMPILATION_CONDITIONS = DEBUG;
				SWIFT_OPTIMIZATION_LEVEL = "-Onone";
			};
			name = Debug;
		};
		FF8527D821657FF400DEEA15 /* Release */ = {
			isa = XCBuildConfiguration;
			buildSettings = {
				ALWAYS_SEARCH_USER_PATHS = NO;
				CLANG_ANALYZER_NONNULL = YES;
				CLANG_ANALYZER_NUMBER_OBJECT_CONVERSION = YES_AGGRESSIVE;
				CLANG_CXX_LANGUAGE_STANDARD = "gnu++14";
				CLANG_CXX_LIBRARY = "libc++";
				CLANG_ENABLE_MODULES = YES;
				CLANG_ENABLE_OBJC_ARC = YES;
				CLANG_ENABLE_OBJC_WEAK = YES;
				CLANG_WARN_BLOCK_CAPTURE_AUTORELEASING = YES;
				CLANG_WARN_BOOL_CONVERSION = YES;
				CLANG_WARN_COMMA = YES;
				CLANG_WARN_CONSTANT_CONVERSION = YES;
				CLANG_WARN_DEPRECATED_OBJC_IMPLEMENTATIONS = YES;
				CLANG_WARN_DIRECT_OBJC_ISA_USAGE = YES_ERROR;
				CLANG_WARN_DOCUMENTATION_COMMENTS = YES;
				CLANG_WARN_EMPTY_BODY = YES;
				CLANG_WARN_ENUM_CONVERSION = YES;
				CLANG_WARN_INFINITE_RECURSION = YES;
				CLANG_WARN_INT_CONVERSION = YES;
				CLANG_WARN_NON_LITERAL_NULL_CONVERSION = YES;
				CLANG_WARN_OBJC_IMPLICIT_RETAIN_SELF = YES;
				CLANG_WARN_OBJC_LITERAL_CONVERSION = YES;
				CLANG_WARN_OBJC_ROOT_CLASS = YES_ERROR;
				CLANG_WARN_RANGE_LOOP_ANALYSIS = YES;
				CLANG_WARN_STRICT_PROTOTYPES = YES;
				CLANG_WARN_SUSPICIOUS_MOVE = YES;
				CLANG_WARN_UNGUARDED_AVAILABILITY = YES_AGGRESSIVE;
				CLANG_WARN_UNREACHABLE_CODE = YES;
				CLANG_WARN__DUPLICATE_METHOD_MATCH = YES;
				CODE_SIGN_IDENTITY = "iPhone Developer";
				COPY_PHASE_STRIP = NO;
				DEBUG_INFORMATION_FORMAT = "dwarf-with-dsym";
				ENABLE_NS_ASSERTIONS = NO;
				ENABLE_STRICT_OBJC_MSGSEND = YES;
				GCC_C_LANGUAGE_STANDARD = gnu11;
				GCC_NO_COMMON_BLOCKS = YES;
				GCC_WARN_64_TO_32_BIT_CONVERSION = YES;
				GCC_WARN_ABOUT_RETURN_TYPE = YES_ERROR;
				GCC_WARN_UNDECLARED_SELECTOR = YES;
				GCC_WARN_UNINITIALIZED_AUTOS = YES_AGGRESSIVE;
				GCC_WARN_UNUSED_FUNCTION = YES;
				GCC_WARN_UNUSED_VARIABLE = YES;
				IPHONEOS_DEPLOYMENT_TARGET = 12.0;
				MTL_ENABLE_DEBUG_INFO = NO;
				MTL_FAST_MATH = YES;
				SDKROOT = iphoneos;
				SWIFT_COMPILATION_MODE = wholemodule;
				SWIFT_OPTIMIZATION_LEVEL = "-O";
				VALIDATE_PRODUCT = YES;
			};
			name = Release;
		};
		FF8527DA21657FF400DEEA15 /* Debug */ = {
			isa = XCBuildConfiguration;
			buildSettings = {
				ASSETCATALOG_COMPILER_APPICON_NAME = AppIcon;
				CODE_SIGN_STYLE = Automatic;
				INFOPLIST_FILE = "$(SRCROOT)/Kindle/Info.plist";
				LD_RUNPATH_SEARCH_PATHS = (
					"$(inherited)",
					"@executable_path/Frameworks",
				);
				PRODUCT_BUNDLE_IDENTIFIER = com.example.KindleClone;
				PRODUCT_NAME = "$(TARGET_NAME)";
				SWIFT_VERSION = 4.2;
				TARGETED_DEVICE_FAMILY = "1,2";
			};
			name = Debug;
		};
		FF8527DB21657FF400DEEA15 /* Release */ = {
			isa = XCBuildConfiguration;
			buildSettings = {
				ASSETCATALOG_COMPILER_APPICON_NAME = AppIcon;
				CODE_SIGN_STYLE = Automatic;
				INFOPLIST_FILE = "$(SRCROOT)/Kindle/Info.plist";
				LD_RUNPATH_SEARCH_PATHS = (
					"$(inherited)",
					"@executable_path/Frameworks",
				);
				PRODUCT_BUNDLE_IDENTIFIER = com.example.KindleClone;
				PRODUCT_NAME = "$(TARGET_NAME)";
				SWIFT_VERSION = 4.2;
				TARGETED_DEVICE_FAMILY = "1,2";
			};
			name = Release;
		};
/* End XCBuildConfiguration section */

/* Begin XCConfigurationList section */
		FF8527C221657FF100DEEA15 /* Build configuration list for PBXProject "Kindle" */ = {
			isa = XCConfigurationList;
			buildConfigurations = (
				FF8527D721657FF400DEEA15 /* Debug */,
				FF8527D821657FF400DEEA15 /* Release */,
			);
			defaultConfigurationIsVisible = 0;
			defaultConfigurationName = Release;
		};
		FF8527D921657FF400DEEA15 /* Build configuration list for PBXNativeTarget "Kindle" */ = {
			isa = XCConfigurationList;
			buildConfigurations = (
				FF8527DA21657FF400DEEA15 /* Debug */,
				FF8527DB21657FF400DEEA15 /* Release */,
			);
			defaultConfigurationIsVisible = 0;
			defaultConfigurationName = Release;
		};
/* End XCConfigurationList section */
	};
	rootObject = FF8527BF21657FF100DEEA15 /* Project object */;
}
